
Microsoft Visual Studio Solution File, Format Version 12.00
# Visual Studio Version 17
VisualStudioVersion = 17.0.31903.59
MinimumVisualStudioVersion = 10.0.40219.1
Project("{FAE04EC0-301F-11D3-BF4B-00C04F79EFBC}") = "matrix 3by3", "matrix 3by3\matrix 3by3.csproj", "{1470D04B-D4B5-4F7A-A796-2EED2FC8AAA4}"
EndProject
Global
	GlobalSection(SolutionConfigurationPlatforms) = preSolution
		Debug|Any CPU = Debug|Any CPU
		Release|Any CPU = Release|Any CPU
	EndGlobalSection
	GlobalSection(ProjectConfigurationPlatforms) = postSolution
		{1470D04B-D4B5-4F7A-A796-2EED2FC8AAA4}.Debug|Any CPU.ActiveCfg = Debug|Any CPU
		{1470D04B-D4B5-4F7A-A796-2EED2FC8AAA4}.Debug|Any CPU.Build.0 = Debug|Any CPU
		{1470D04B-D4B5-4F7A-A796-2EED2FC8AAA4}.Release|Any CPU.ActiveCfg = Release|Any CPU
		{1470D04B-D4B5-4F7A-A796-2EED2FC8AAA4}.Release|Any CPU.Build.0 = Release|Any CPU
	EndGlobalSection
	GlobalSection(SolutionProperties) = preSolution
		HideSolutionNode = FALSE
	EndGlobalSection
	GlobalSection(ExtensibilityGlobals) = postSolution
		SolutionGuid = {D4900598-BD74-4EB0-8A5E-83C79334E924}
	EndGlobalSection
EndGlobal
